
Microsoft Visual Studio Solution File, Format Version 12.00
# Visual Studio Version 16
VisualStudioVersion = 16.0.29806.167
MinimumVisualStudioVersion = 10.0.40219.1
Project("{F184B08F-C81C-45F6-A57F-5ABD9991F28F}") = "NVidExtractor", "NVidExtractor\NVidExtractor.vbproj", "{58820939-5087-4AE1-9EC7-38D24299C4A9}"
EndProject
Global
	GlobalSection(SolutionConfigurationPlatforms) = preSolution
		Debug|Any CPU = Debug|Any CPU
		Release|Any CPU = Release|Any CPU
	EndGlobalSection
	GlobalSection(ProjectConfigurationPlatforms) = postSolution
		{58820939-5087-4AE1-9EC7-38D24299C4A9}.Debug|Any CPU.ActiveCfg = Debug|Any CPU
		{58820939-5087-4AE1-9EC7-38D24299C4A9}.Debug|Any CPU.Build.0 = Debug|Any CPU
		{58820939-5087-4AE1-9EC7-38D24299C4A9}.Release|Any CPU.ActiveCfg = Release|Any CPU
		{58820939-5087-4AE1-9EC7-38D24299C4A9}.Release|Any CPU.Build.0 = Release|Any CPU
	EndGlobalSection
	GlobalSection(SolutionProperties) = preSolution
		HideSolutionNode = FALSE
	EndGlobalSection
	GlobalSection(ExtensibilityGlobals) = postSolution
		SolutionGuid = {B73ECF36-A1DA-4F36-937F-024FDEFBA354}
	EndGlobalSection
EndGlobal
